
Microsoft Visual Studio Solution File, Format Version 12.00
# Visual Studio Version 16
VisualStudioVersion = 16.0.30104.148
MinimumVisualStudioVersion = 10.0.40219.1
Project("{FAE04EC0-301F-11D3-BF4B-00C04F79EFBC}") = "MVC5OnlineTicariOtomasyon", "MVC5OnlineTicariOtomasyon\MVC5OnlineTicariOtomasyon.csproj", "{8681392C-7999-4AC7-8FBD-0A09E5DF0DCE}"
EndProject
Global
	GlobalSection(SolutionConfigurationPlatforms) = preSolution
		Debug|Any CPU = Debug|Any CPU
		Release|Any CPU = Release|Any CPU
	EndGlobalSection
	GlobalSection(ProjectConfigurationPlatforms) = postSolution
		{8681392C-7999-4AC7-8FBD-0A09E5DF0DCE}.Debug|Any CPU.ActiveCfg = Debug|Any CPU
		{8681392C-7999-4AC7-8FBD-0A09E5DF0DCE}.Debug|Any CPU.Build.0 = Debug|Any CPU
		{8681392C-7999-4AC7-8FBD-0A09E5DF0DCE}.Release|Any CPU.ActiveCfg = Release|Any CPU
		{8681392C-7999-4AC7-8FBD-0A09E5DF0DCE}.Release|Any CPU.Build.0 = Release|Any CPU
	EndGlobalSection
	GlobalSection(SolutionProperties) = preSolution
		HideSolutionNode = FALSE
	EndGlobalSection
	GlobalSection(ExtensibilityGlobals) = postSolution
		SolutionGuid = {C7738C82-4098-4C76-94E7-1F7F013F2A2F}
	EndGlobalSection
EndGlobal
